<?xml version="1.0" encoding="utf-8"?>
<Project ToolsVersion="4.0" xmlns="http://schemas.microsoft.com/developer/msbuild/2003">
  <ItemGroup>
    <Filter Include="소스 파일">
      <UniqueIdentifier>{4FC737F1-C7A5-4376-A066-2A32D752A2FF}</UniqueIdentifier>
      <Extensions>cpp;c;cc;cxx;def;odl;idl;hpj;bat;asm;asmx</Extensions>
    </Filter>
    <Filter Include="헤더 파일">
      <UniqueIdentifier>{93995380-89BD-4b04-88EB-625FBE52EBFB}</UniqueIdentifier>
      <Extensions>h;hpp;hxx;hm;inl;inc;xsd</Extensions>
    </Filter>
    <Filter Include="리소스 파일">
      <UniqueIdentifier>{67DA6AB6-F800-4c08-8B7A-83BB121AAD01}</UniqueIdentifier>
      <Extensions>rc;ico;cur;bmp;dlg;rc2;rct;bin;rgs;gif;jpg;jpeg;jpe;resx;tiff;tif;png;wav;mfcribbon-ms</Extensions>
    </Filter>
  </ItemGroup>
  <ItemGroup>
    <None Include="ghost.png">
      <Filter>리소스 파일</Filter>
    </None>
    <None Include="back.bmp">
      <Filter>리소스 파일</Filter>
    </None>
    <None Include="tump.png">
      <Filter>리소스 파일</Filter>
    </None>
  </ItemGroup>
  <ItemGroup>
    <ClCompile Include="move.cpp">
      <Filter>소스 파일</Filter>
    </ClCompile>
    <ClCompile Include="directX.cpp">
      <Filter>소스 파일</Filter>
    </ClCompile>
    <ClCompile Include="test.cpp">
      <Filter>소스 파일</Filter>
    </ClCompile>
    <ClCompile Include="crush.cpp">
      <Filter>소스 파일</Filter>
    </ClCompile>
    <ClCompile Include="obstacle.cpp">
      <Filter>소스 파일</Filter>
    </ClCompile>
    <ClCompile Include="Setmap.cpp">
      <Filter>소스 파일</Filter>
    </ClCompile>
    <ClCompile Include="loading.cpp">
      <Filter>소스 파일</Filter>
    </ClCompile>
    <ClCompile Include="dark.cpp">
      <Filter>소스 파일</Filter>
    </ClCompile>
  </ItemGroup>
  <ItemGroup>
    <ClInclude Include="directX.h">
      <Filter>헤더 파일</Filter>
    </ClInclude>
    <ClInclude Include="DirectX_Basic_Function.h">
      <Filter>헤더 파일</Filter>
    </ClInclude>
    <ClInclude Include="Define.h">
      <Filter>헤더 파일</Filter>
    </ClInclude>
    <ClInclude Include="move.h">
      <Filter>헤더 파일</Filter>
    </ClInclude>
    <ClInclude Include="Stdafx.h">
      <Filter>헤더 파일</Filter>
    </ClInclude>
    <ClInclude Include="crush.h">
      <Filter>헤더 파일</Filter>
    </ClInclude>
    <ClInclude Include="obstacle.h">
      <Filter>헤더 파일</Filter>
    </ClInclude>
    <ClInclude Include="Setmap.h">
      <Filter>헤더 파일</Filter>
    </ClInclude>
    <ClInclude Include="loading.h">
      <Filter>헤더 파일</Filter>
    </ClInclude>
    <ClInclude Include="dark.h">
      <Filter>헤더 파일</Filter>
    </ClInclude>
  </ItemGroup>
</Project>